
Microsoft Visual Studio Solution File, Format Version 12.00
# Visual Studio 15
Project("{FAE04EC0-301F-11D3-BF4B-00C04F79EFBC}") = "GiftGiver", "GiftGiver\GiftGiver.csproj", "{911F6D70-F144-487F-ADB7-1C323A6202CF}"
EndProject
Global
	GlobalSection(SolutionConfigurationPlatforms) = preSolution
		Debug|Any CPU = Debug|Any CPU
		Release|Any CPU = Release|Any CPU
	EndGlobalSection
	GlobalSection(ProjectConfigurationPlatforms) = postSolution
		{911F6D70-F144-487F-ADB7-1C323A6202CF}.Debug|Any CPU.ActiveCfg = Debug|Any CPU
		{911F6D70-F144-487F-ADB7-1C323A6202CF}.Debug|Any CPU.Build.0 = Debug|Any CPU
		{911F6D70-F144-487F-ADB7-1C323A6202CF}.Release|Any CPU.ActiveCfg = Release|Any CPU
		{911F6D70-F144-487F-ADB7-1C323A6202CF}.Release|Any CPU.Build.0 = Release|Any CPU
	EndGlobalSection
EndGlobal
